{
  "name": "server",
  "version": "1.0.0",
  "lockfileVersion": 3,
  "requires": true,
  "packages": {
    "": {
      "name": "server",
      "version": "1.0.0",
      "license": "ISC",
      "dependencies": {
        "@neondatabase/serverless": "^1.1.0",
        "cors": "^2.8.6",
        "dotenv": "^17.4.2",
        "drizzle-orm": "1.0.0-rc.4",
        "express": "^5.2.1"
      },
      "devDependencies": {
        "@types/node": "^26.1.1",
        "drizzle-kit": "1.0.0-rc.4"
      }
    },
    "../../node_modules/.pnpm/@neondatabase+serverless@1.1.0/node_modules/@neondatabase/serverless": {
      "version": "1.1.0",
      "license": "MIT",
      "devDependencies": {
        "@cloudflare/workers-types": "^4.20241230.0",
        "@edge-runtime/vm": "^5.0.0",
        "@microsoft/api-extractor": "^7.48.1",
        "@neondatabase/serverless": "file:.",
        "@prisma/adapter-neon": "^6.5.0",
        "@prisma/client": "^6.2.1",
        "@types/events": "^3.0.0",
        "@types/node": "^22.15.30",
        "@types/pg": "^8.8.0",
        "@types/ws": "^8.5.4",
        "@vercel/edge": "^1.2.1",
        "@vercel/sdk": "^1.2.2",
        "@vitest/browser": "^3.0.7",
        "assert": "file:src/shims/assert",
        "buffer": "^6.0.3",
        "crypto": "file:src/shims/crypto",
        "dns": "file:src/shims/dns",
        "drizzle-orm": "^0.44.2",
        "esbuild": "^0.25.0",
        "events": "^3.3.0",
        "fast-equals": "^5.0.1",
        "fs": "file:src/shims/fs",
        "hextreme": "^1.0.7",
        "jsr": "^0.13.3",
        "net": "file:src/shims/net",
        "node-fetch": "^3.3.2",
        "npm-run-all": "^4.1.5",
        "path": "file:src/shims/path",
        "pg": "8.8.0",
        "pg-native": "file:src/shims/pg-native",
        "playwright": "^1.49.1",
        "prettier": "^3.4.1",
        "prisma": "^6.2.1",
        "stream": "file:src/shims/stream",
        "string_decoder": "file:src/shims/string_decoder",
        "subtls": "^0.5.0",
        "tls": "file:src/shims/tls",
        "typescript": "^5.0.4",
        "undici": "^7.1.0",
        "url": "file:src/shims/url",
        "util": "file:src/shims/util",
        "vitest": "^3.0.7",
        "wrangler": "^4.0.0",
        "ws": "^8.12.1"
      },
      "engines": {
        "node": ">=19.0.0"
      }
    },
    "../../node_modules/.pnpm/cors@2.8.6/node_modules/cors": {
      "version": "2.8.6",
      "license": "MIT",
      "dependencies": {
        "object-assign": "^4",
        "vary": "^1"
      },
      "devDependencies": {
        "after": "0.8.2",
        "eslint": "7.30.0",
        "express": "4.21.2",
        "mocha": "9.2.2",
        "nyc": "15.1.0",
        "supertest": "6.1.3"
      },
      "engines": {
        "node": ">= 0.10"
      },
      "funding": {
        "type": "opencollective",
        "url": "https://opencollective.com/express"
      }
    },
    "../../node_modules/.pnpm/dotenv@17.4.2/node_modules/dotenv": {
      "version": "17.4.2",
      "license": "BSD-2-Clause",
      "devDependencies": {
        "@types/node": "^18.11.3",
        "decache": "^4.6.2",
        "sinon": "^14.0.1",
        "standard": "^17.0.0",
        "standard-version": "^9.5.0",
        "tap": "^19.2.0",
        "typescript": "^4.8.4"
      },
      "engines": {
        "node": ">=12"
      },
      "funding": {
        "url": "https://dotenvx.com"
      }
    },
    "../../node_modules/.pnpm/drizzle-kit@1.0.0-rc.4/node_modules/drizzle-kit": {
      "version": "1.0.0-rc.4",
      "dev": true,
      "license": "MIT",
      "dependencies": {
        "@drizzle-team/brocli": "^0.12.0",
        "@js-temporal/polyfill": "^0.5.1",
        "esbuild": "^0.25.10",
        "get-tsconfig": "^4.13.6",
        "jiti": "^2.6.1"
      },
      "bin": {
        "drizzle-kit": "bin.cjs"
      },
      "devDependencies": {
        "@aws-sdk/client-rds-data": "^3.556.0",
        "@cloudflare/workers-types": "^4.20230518.0",
        "@duckdb/node-api": "1.5.0-r.1",
        "@effect/sql": "^0.48.5",
        "@electric-sql/pglite": "^0.4.6",
        "@hono/node-server": "^1.9.0",
        "@hono/zod-validator": "^0.2.1",
        "@libsql/client": "^0.10.0",
        "@modelcontextprotocol/sdk": "^1.29.0",
        "@neondatabase/serverless": "^1.0.2",
        "@originjs/vite-plugin-commonjs": "^1.0.3",
        "@planetscale/database": "^1.19.0",
        "@sqlitecloud/drivers": "^1.0.653",
        "@tursodatabase/database": "0.6.0-pre.28",
        "@tursodatabase/serverless": "^1.1.3",
        "@types/better-sqlite3": "^7.6.13",
        "@types/bun": "^1.3.2",
        "@types/dockerode": "^3.3.28",
        "@types/glob": "^8.1.0",
        "@types/json-diff": "^1.0.3",
        "@types/micromatch": "^4.0.9",
        "@types/minimatch": "^5.1.2",
        "@types/mssql": "^9.1.4",
        "@types/node": "^24.7.2",
        "@types/pg": "^8.10.7",
        "@types/pluralize": "^0.0.33",
        "@types/semver": "^7.5.5",
        "@types/uuid": "^9.0.8",
        "@types/ws": "^8.5.10",
        "@vercel/postgres": "^0.8.0",
        "ava": "^5.1.0",
        "better-sqlite3": "^11.9.1",
        "bun-types": "^1.3.2",
        "camelcase": "^7.0.1",
        "chalk": "^5.2.0",
        "commander": "^12.1.0",
        "dockerode": "^4.0.6",
        "dotenv": "^16.0.3",
        "drizzle-kit": "^0.31.6",
        "drizzle-orm": "workspace:./drizzle-orm/dist",
        "env-paths": "^3.0.0",
        "get-port": "^6.1.2",
        "glob": "^8.1.0",
        "hanji": "^0.0.8",
        "hono": "^4.7.9",
        "json-diff": "1.0.6",
        "micromatch": "^4.0.8",
        "minimatch": "^7.4.3",
        "mssql": "^12.0.0",
        "mysql2": "3.14.1",
        "node-fetch": "^3.3.2",
        "ohm-js": "^17.1.0",
        "orm044": "npm:drizzle-orm@0.44.1",
        "pg": "^8.11.5",
        "pluralize": "^8.0.0",
        "postgres": "^3.4.4",
        "prettier": "^3.5.3",
        "semver": "^7.7.2",
        "tsx": "^4.20.6",
        "typescript": "5.9.3",
        "uuid": "^9.0.1",
        "ws": "^8.18.2",
        "zod": "^3.25",
        "zx": "^8.8.5"
      }
    },
    "../../node_modules/.pnpm/drizzle-orm@1.0.0-rc.4_@neondatabase+serverless@1.1.0_zod@4.4.3/node_modules/drizzle-orm": {
      "version": "1.0.0-rc.4",
      "license": "Apache-2.0",
      "devDependencies": {
        "@arktype/attest": "^0.46.0",
        "@aws-sdk/client-rds-data": "^3.914.0",
        "@cloudflare/workers-types": "^4.20251004.0",
        "@effect/sql-d1": "4.0.0-beta.83",
        "@effect/sql-libsql": "4.0.0-beta.83",
        "@effect/sql-mysql2": "4.0.0-beta.83",
        "@effect/sql-pg": "4.0.0-beta.83",
        "@effect/sql-pglite": "4.0.0-beta.83",
        "@effect/sql-sqlite-bun": "4.0.0-beta.83",
        "@effect/sql-sqlite-do": "4.0.0-beta.83",
        "@effect/sql-sqlite-node": "4.0.0-beta.83",
        "@effect/sql-sqlite-wasm": "4.0.0-beta.83",
        "@electric-sql/pglite": "^0.4.6",
        "@libsql/client": "^0.10.0",
        "@libsql/client-wasm": "^0.10.0",
        "@miniflare/d1": "^2.14.4",
        "@neondatabase/serverless": "^0.10.0",
        "@op-engineering/op-sqlite": "^2.0.16",
        "@opentelemetry/api": "^1.4.1",
        "@originjs/vite-plugin-commonjs": "^1.0.3",
        "@planetscale/database": "^1.16.0",
        "@prisma/client": "5.14.0",
        "@sinclair/typebox": "^0.34.48",
        "@sqlitecloud/drivers": "^1.0.653",
        "@tidbcloud/serverless": "^0.1.1",
        "@tursodatabase/database": "0.6.0-pre.28",
        "@tursodatabase/database-common": "0.6.0-pre.28",
        "@tursodatabase/database-wasm": "0.6.0-pre.28",
        "@tursodatabase/serverless": "1.1.3",
        "@tursodatabase/sync": "0.6.0",
        "@types/better-sqlite3": "^7.6.12",
        "@types/node": "^25.4.0",
        "@types/pg": "^8.10.1",
        "@types/react": "^18.2.45",
        "@types/sql.js": "^1.4.4",
        "@upstash/redis": "^1.34.3",
        "@vercel/postgres": "^0.8.0",
        "@xata.io/client": "^0.29.3",
        "arktype": "^2.1.10",
        "better-sqlite3": "^11.9.1",
        "bun-types": "^1.2.23",
        "cpy": "^10.1.0",
        "effect": "4.0.0-beta.83",
        "expo-sqlite": "^14.0.0",
        "glob": "^11.0.1",
        "mysql2": "^3.14.1",
        "pg": "^8.11.0",
        "postgres": "^3.3.5",
        "react": "^18.2.0",
        "sql.js": "^1.8.0",
        "sqlite3": "^5.1.2",
        "ts-morph": "^25.0.1",
        "tslib": "^2.5.2",
        "tsx": "^3.12.7",
        "typebox": "^1.0.80",
        "valibot": "1.0.0-beta.7",
        "zod": "^3.20.2"
      },
      "peerDependencies": {
        "@aws-sdk/client-rds-data": ">=3",
        "@cloudflare/workers-types": ">=4",
        "@effect/sql-d1": ">=4.0.0-beta.83 || >=4.0.0",
        "@effect/sql-libsql": ">=4.0.0-beta.83 || >=4.0.0",
        "@effect/sql-mysql2": ">=4.0.0-beta.83 || >=4.0.0",
        "@effect/sql-pg": ">=4.0.0-beta.83 || >=4.0.0",
        "@effect/sql-pglite": ">=4.0.0-beta.83 || >=4.0.0",
        "@effect/sql-sqlite-bun": ">=4.0.0-beta.83 || >=4.0.0",
        "@effect/sql-sqlite-do": ">=4.0.0-beta.83 || >=4.0.0",
        "@effect/sql-sqlite-node": ">=4.0.0-beta.83 || >=4.0.0",
        "@effect/sql-sqlite-wasm": ">=4.0.0-beta.83 || >=4.0.0",
        "@electric-sql/pglite": ">=0.2.0",
        "@libsql/client": ">=0.10.0",
        "@libsql/client-wasm": ">=0.10.0",
        "@neondatabase/serverless": ">=0.10.0",
        "@op-engineering/op-sqlite": ">=2",
        "@opentelemetry/api": "^1.4.1",
        "@planetscale/database": ">=1.13",
        "@sinclair/typebox": ">=0.34.8",
        "@sqlitecloud/drivers": ">=1.0.653",
        "@tidbcloud/serverless": "*",
        "@tursodatabase/database": ">=0.6.0-pre.28 || >=0.6.0",
        "@tursodatabase/database-common": ">=0.6.0-pre.28 || >=0.6.0",
        "@tursodatabase/database-wasm": ">=0.6.0-pre.28 || >=0.6.0",
        "@tursodatabase/serverless": ">=1.1.3",
        "@tursodatabase/sync": ">=0.6.0-pre.28 || >=0.6.0",
        "@types/better-sqlite3": "*",
        "@types/mssql": "^9.1.4",
        "@types/pg": "*",
        "@types/sql.js": "*",
        "@upstash/redis": ">=1.34.7",
        "@vercel/postgres": ">=0.8.0",
        "@xata.io/client": "*",
        "arktype": ">=2.0.0",
        "better-sqlite3": ">=9.3.0",
        "bun-types": "*",
        "effect": ">=4.0.0-beta.83 || >=4.0.0",
        "expo-sqlite": ">=14.0.0",
        "mssql": "^11.0.1",
        "mysql2": ">=2",
        "pg": ">=8",
        "postgres": ">=3",
        "sql.js": ">=1",
        "sqlite3": ">=5",
        "typebox": ">=1.0.0",
        "valibot": ">=1.0.0-beta.7",
        "zod": "^3.25.0 || ^4.0.0"
      },
      "peerDependenciesMeta": {
        "@aws-sdk/client-rds-data": {
          "optional": true
        },
        "@cloudflare/workers-types": {
          "optional": true
        },
        "@effect/sql-d1": {
          "optional": true
        },
        "@effect/sql-libsql": {
          "optional": true
        },
        "@effect/sql-mysql2": {
          "optional": true
        },
        "@effect/sql-pg": {
          "optional": true
        },
        "@effect/sql-pglite": {
          "optional": true
        },
        "@effect/sql-sqlite-bun": {
          "optional": true
        },
        "@effect/sql-sqlite-do": {
          "optional": true
        },
        "@effect/sql-sqlite-node": {
          "optional": true
        },
        "@effect/sql-sqlite-wasm": {
          "optional": true
        },
        "@electric-sql/pglite": {
          "optional": true
        },
        "@libsql/client": {
          "optional": true
        },
        "@libsql/client-wasm": {
          "optional": true
        },
        "@neondatabase/serverless": {
          "optional": true
        },
        "@op-engineering/op-sqlite": {
          "optional": true
        },
        "@opentelemetry/api": {
          "optional": true
        },
        "@planetscale/database": {
          "optional": true
        },
        "@sinclair/typebox": {
          "optional": true
        },
        "@sqlitecloud/drivers": {
          "optional": true
        },
        "@tidbcloud/serverless": {
          "optional": true
        },
        "@tursodatabase/database": {
          "optional": true
        },
        "@tursodatabase/database-common": {
          "optional": true
        },
        "@tursodatabase/database-wasm": {
          "optional": true
        },
        "@tursodatabase/serverless": {
          "optional": true
        },
        "@tursodatabase/sync": {
          "optional": true
        },
        "@types/better-sqlite3": {
          "optional": true
        },
        "@types/mssql": {
          "optional": true
        },
        "@types/pg": {
          "optional": true
        },
        "@types/sql.js": {
          "optional": true
        },
        "@upstash/redis": {
          "optional": true
        },
        "@vercel/postgres": {
          "optional": true
        },
        "@xata.io/client": {
          "optional": true
        },
        "arktype": {
          "optional": true
        },
        "better-sqlite3": {
          "optional": true
        },
        "bun-types": {
          "optional": true
        },
        "effect": {
          "optional": true
        },
        "expo-sqlite": {
          "optional": true
        },
        "mssql": {
          "optional": true
        },
        "mysql2": {
          "optional": true
        },
        "pg": {
          "optional": true
        },
        "postgres": {
          "optional": true
        },
        "sql.js": {
          "optional": true
        },
        "sqlite3": {
          "optional": true
        },
        "typebox": {
          "optional": true
        },
        "valibot": {
          "optional": true
        },
        "zod": {
          "optional": true
        }
      }
    },
    "../../node_modules/.pnpm/express@5.2.1/node_modules/express": {
      "version": "5.2.1",
      "license": "MIT",
      "dependencies": {
        "accepts": "^2.0.0",
        "body-parser": "^2.2.1",
        "content-disposition": "^1.0.0",
        "content-type": "^1.0.5",
        "cookie": "^0.7.1",
        "cookie-signature": "^1.2.1",
        "debug": "^4.4.0",
        "depd": "^2.0.0",
        "encodeurl": "^2.0.0",
        "escape-html": "^1.0.3",
        "etag": "^1.8.1",
        "finalhandler": "^2.1.0",
        "fresh": "^2.0.0",
        "http-errors": "^2.0.0",
        "merge-descriptors": "^2.0.0",
        "mime-types": "^3.0.0",
        "on-finished": "^2.4.1",
        "once": "^1.4.0",
        "parseurl": "^1.3.3",
        "proxy-addr": "^2.0.7",
        "qs": "^6.14.0",
        "range-parser": "^1.2.1",
        "router": "^2.2.0",
        "send": "^1.1.0",
        "serve-static": "^2.2.0",
        "statuses": "^2.0.1",
        "type-is": "^2.0.1",
        "vary": "^1.1.2"
      },
      "devDependencies": {
        "after": "0.8.2",
        "connect-redis": "^8.0.1",
        "cookie-parser": "1.4.7",
        "cookie-session": "2.1.1",
        "ejs": "^3.1.10",
        "eslint": "8.47.0",
        "express-session": "^1.18.1",
        "hbs": "4.2.0",
        "marked": "^15.0.3",
        "method-override": "3.0.0",
        "mocha": "^10.7.3",
        "morgan": "1.10.1",
        "nyc": "^17.1.0",
        "pbkdf2-password": "1.2.1",
        "supertest": "^6.3.0",
        "vhost": "~3.0.2"
      },
      "engines": {
        "node": ">= 18"
      },
      "funding": {
        "type": "opencollective",
        "url": "https://opencollective.com/express"
      }
    },
    "node_modules/@neondatabase/serverless": {
      "resolved": "../../node_modules/.pnpm/@neondatabase+serverless@1.1.0/node_modules/@neondatabase/serverless",
      "link": true
    },
    "node_modules/@types/node": {
      "version": "26.1.1",
      "resolved": "https://registry.npmjs.org/@types/node/-/node-26.1.1.tgz",
      "integrity": "sha512-nxAkRSVkN1Y0JC1W8ky/fTfkGsMmcrRsbx+3XoZE+rMOX71kLYTV7fLXpqud1GpbpP5TuffXFqfX7fH2GgZREw==",
      "dev": true,
      "license": "MIT",
      "dependencies": {
        "undici-types": "~8.3.0"
      }
    },
    "node_modules/cors": {
      "resolved": "../../node_modules/.pnpm/cors@2.8.6/node_modules/cors",
      "link": true
    },
    "node_modules/dotenv": {
      "resolved": "../../node_modules/.pnpm/dotenv@17.4.2/node_modules/dotenv",
      "link": true
    },
    "node_modules/drizzle-kit": {
      "resolved": "../../node_modules/.pnpm/drizzle-kit@1.0.0-rc.4/node_modules/drizzle-kit",
      "link": true
    },
    "node_modules/drizzle-orm": {
      "resolved": "../../node_modules/.pnpm/drizzle-orm@1.0.0-rc.4_@neondatabase+serverless@1.1.0_zod@4.4.3/node_modules/drizzle-orm",
      "link": true
    },
    "node_modules/express": {
      "resolved": "../../node_modules/.pnpm/express@5.2.1/node_modules/express",
      "link": true
    },
    "node_modules/undici-types": {
      "version": "8.3.0",
      "resolved": "https://registry.npmjs.org/undici-types/-/undici-types-8.3.0.tgz",
      "integrity": "sha512-j375ScV60dom+YkPFIfTLcOiPxkN/buHz5GobjLhixFuANaNs3C9l4GmrWqejgXWJ7BbJcFYpTEUkS1Ge8bpZQ==",
      "dev": true,
      "license": "MIT"
    }
  }
}
